// !$*UTF8*$!
{
	archiveVersion = 1;
	classes = {
	};
	objectVersion = 56;
	objects = {

/* Begin PBXBuildFile section */
		927EF4A92A272712002D3EA7 /* MeetingOptimiserApp.swift in Sources */ = {isa = PBXBuildFile; fileRef = 927EF4A82A272712002D3EA7 /* MeetingOptimiserApp.swift */; };
		927EF4AB2A272712002D3EA7 /* ContentView.swift in Sources */ = {isa = PBXBuildFile; fileRef = 927EF4AA2A272712002D3EA7 /* ContentView.swift */; };
		927EF4AD2A272713002D3EA7 /* Assets.xcassets in Resources */ = {isa = PBXBuildFile; fileRef = 927EF4AC2A272713002D3EA7 /* Assets.xcassets */; };
		927EF4B02A272713002D3EA7 /* Preview Assets.xcassets in Resources */ = {isa = PBXBuildFile; fileRef = 927EF4AF2A272713002D3EA7 /* Preview Assets.xcassets */; };
		927EF4BB2A2728CF002D3EA7 /* CoreDataManager.swift in Sources */ = {isa = PBXBuildFile; fileRef = 927EF4BA2A2728CF002D3EA7 /* CoreDataManager.swift */; };
		927EF4BE2A2728F6002D3EA7 /* EmployeesContainer.xcdatamodeld in Sources */ = {isa = PBXBuildFile; fileRef = 927EF4BC2A2728F6002D3EA7 /* EmployeesContainer.xcdatamodeld */; };
		927EF4C02A27293B002D3EA7 /* EmployeesViewModel.swift in Sources */ = {isa = PBXBuildFile; fileRef = 927EF4BF2A27293B002D3EA7 /* EmployeesViewModel.swift */; };
		927EF4C22A272A38002D3EA7 /* AddEmployeeView.swift in Sources */ = {isa = PBXBuildFile; fileRef = 927EF4C12A272A38002D3EA7 /* AddEmployeeView.swift */; };
		927EF4C42A272AD7002D3EA7 /* EmployeeModel.swift in Sources */ = {isa = PBXBuildFile; fileRef = 927EF4C32A272AD7002D3EA7 /* EmployeeModel.swift */; };
		927EF4C82A272B73002D3EA7 /* EmployeeEntryViewModel.swift in Sources */ = {isa = PBXBuildFile; fileRef = 927EF4C72A272B73002D3EA7 /* EmployeeEntryViewModel.swift */; };
		927EF4CA2A272D3F002D3EA7 /* HomeView.swift in Sources */ = {isa = PBXBuildFile; fileRef = 927EF4C92A272D3F002D3EA7 /* HomeView.swift */; };
		927EF4CC2A272D4E002D3EA7 /* AllEmployeesView.swift in Sources */ = {isa = PBXBuildFile; fileRef = 927EF4CB2A272D4E002D3EA7 /* AllEmployeesView.swift */; };
		927EF4CE2A272D78002D3EA7 /* SetUpMeetingView.swift in Sources */ = {isa = PBXBuildFile; fileRef = 927EF4CD2A272D78002D3EA7 /* SetUpMeetingView.swift */; };
		928185DD2A28988D006E962E /* MeetingConfirmationView.swift in Sources */ = {isa = PBXBuildFile; fileRef = 928185DC2A28988D006E962E /* MeetingConfirmationView.swift */; };
		928185DF2A289976006E962E /* SpeechRecognizer.swift in Sources */ = {isa = PBXBuildFile; fileRef = 928185DE2A289976006E962E /* SpeechRecognizer.swift */; };
		92D031CD2A2B220400F9CDBA /* MeetingView.swift in Sources */ = {isa = PBXBuildFile; fileRef = 92D031CC2A2B220400F9CDBA /* MeetingView.swift */; };
		92DBD3512A273FC90046D68E /* MeetingHistoryView.swift in Sources */ = {isa = PBXBuildFile; fileRef = 92DBD3502A273FC90046D68E /* MeetingHistoryView.swift */; };
		92DBD3532A273FD70046D68E /* MeetingViewModel.swift in Sources */ = {isa = PBXBuildFile; fileRef = 92DBD3522A273FD70046D68E /* MeetingViewModel.swift */; };
		92DBD3552A2743740046D68E /* MeetingModel.swift in Sources */ = {isa = PBXBuildFile; fileRef = 92DBD3542A2743740046D68E /* MeetingModel.swift */; };
		92DBD3572A2745800046D68E /* SingleEmployeeView.swift in Sources */ = {isa = PBXBuildFile; fileRef = 92DBD3562A2745800046D68E /* SingleEmployeeView.swift */; };
		92DBD3592A274AA00046D68E /* MeetingHistoryViewModel.swift in Sources */ = {isa = PBXBuildFile; fileRef = 92DBD3582A274AA00046D68E /* MeetingHistoryViewModel.swift */; };
		92DBD35C2A274B770046D68E /* OpenAISwift in Frameworks */ = {isa = PBXBuildFile; productRef = 92DBD35B2A274B770046D68E /* OpenAISwift */; };
		92DBD35E2A274B920046D68E /* OpenAIViewModel.swift in Sources */ = {isa = PBXBuildFile; fileRef = 92DBD35D2A274B920046D68E /* OpenAIViewModel.swift */; };
		92DBD3612A2879890046D68E /* DigitalClockView.swift in Sources */ = {isa = PBXBuildFile; fileRef = 92DBD3602A2879890046D68E /* DigitalClockView.swift */; };
		92DBD3632A2879C60046D68E /* AnalogClockView.swift in Sources */ = {isa = PBXBuildFile; fileRef = 92DBD3622A2879C60046D68E /* AnalogClockView.swift */; };
		92DBD3672A287A240046D68E /* ClockUtils.swift in Sources */ = {isa = PBXBuildFile; fileRef = 92DBD3662A287A240046D68E /* ClockUtils.swift */; };
		92DBD3692A287EC50046D68E /* SelectEmployeesView.swift in Sources */ = {isa = PBXBuildFile; fileRef = 92DBD3682A287EC50046D68E /* SelectEmployeesView.swift */; };
		92DBD36F2A2884D10046D68E /* SelectionEmployeeModel.swift in Sources */ = {isa = PBXBuildFile; fileRef = 92DBD36E2A2884D10046D68E /* SelectionEmployeeModel.swift */; };
		92DBD3722A2894BF0046D68E /* SelectSingleEmployeeView.swift in Sources */ = {isa = PBXBuildFile; fileRef = 92DBD3712A2894BF0046D68E /* SelectSingleEmployeeView.swift */; };
/* End PBXBuildFile section */

/* Begin PBXFileReference section */
		925420FD2A2B3C0700801571 /* Config.xcconfig */ = {isa = PBXFileReference; lastKnownFileType = text.xcconfig; path = Config.xcconfig; sourceTree = "<group>"; };
		925420FE2A2B3CD100801571 /* Info.plist */ = {isa = PBXFileReference; lastKnownFileType = text.plist; path = Info.plist; sourceTree = "<group>"; };
		927EF4A52A272712002D3EA7 /* MeetingOptimiser.app */ = {isa = PBXFileReference; explicitFileType = wrapper.application; includeInIndex = 0; path = MeetingOptimiser.app; sourceTree = BUILT_PRODUCTS_DIR; };
		927EF4A82A272712002D3EA7 /* MeetingOptimiserApp.swift */ = {isa = PBXFileReference; lastKnownFileType = sourcecode.swift; path = MeetingOptimiserApp.swift; sourceTree = "<group>"; };
		927EF4AA2A272712002D3EA7 /* ContentView.swift */ = {isa = PBXFileReference; lastKnownFileType = sourcecode.swift; path = ContentView.swift; sourceTree = "<group>"; };
		927EF4AC2A272713002D3EA7 /* Assets.xcassets */ = {isa = PBXFileReference; lastKnownFileType = folder.assetcatalog; path = Assets.xcassets; sourceTree = "<group>"; };
		927EF4AF2A272713002D3EA7 /* Preview Assets.xcassets */ = {isa = PBXFileReference; lastKnownFileType = folder.assetcatalog; path = "Preview Assets.xcassets"; sourceTree = "<group>"; };
		927EF4BA2A2728CF002D3EA7 /* CoreDataManager.swift */ = {isa = PBXFileReference; lastKnownFileType = sourcecode.swift; path = CoreDataManager.swift; sourceTree = "<group>"; };
		927EF4BD2A2728F6002D3EA7 /* EmployeesContainer.xcdatamodel */ = {isa = PBXFileReference; lastKnownFileType = wrapper.xcdatamodel; path = EmployeesContainer.xcdatamodel; sourceTree = "<group>"; };
		927EF4BF2A27293B002D3EA7 /* EmployeesViewModel.swift */ = {isa = PBXFileReference; lastKnownFileType = sourcecode.swift; path = EmployeesViewModel.swift; sourceTree = "<group>"; };
		927EF4C12A272A38002D3EA7 /* AddEmployeeView.swift */ = {isa = PBXFileReference; lastKnownFileType = sourcecode.swift; path = AddEmployeeView.swift; sourceTree = "<group>"; };
		927EF4C32A272AD7002D3EA7 /* EmployeeModel.swift */ = {isa = PBXFileReference; lastKnownFileType = sourcecode.swift; path = EmployeeModel.swift; sourceTree = "<group>"; };
		927EF4C72A272B73002D3EA7 /* EmployeeEntryViewModel.swift */ = {isa = PBXFileReference; lastKnownFileType = sourcecode.swift; path = EmployeeEntryViewModel.swift; sourceTree = "<group>"; };
		927EF4C92A272D3F002D3EA7 /* HomeView.swift */ = {isa = PBXFileReference; lastKnownFileType = sourcecode.swift; path = HomeView.swift; sourceTree = "<group>"; };
		927EF4CB2A272D4E002D3EA7 /* AllEmployeesView.swift */ = {isa = PBXFileReference; lastKnownFileType = sourcecode.swift; path = AllEmployeesView.swift; sourceTree = "<group>"; };
		927EF4CD2A272D78002D3EA7 /* SetUpMeetingView.swift */ = {isa = PBXFileReference; lastKnownFileType = sourcecode.swift; path = SetUpMeetingView.swift; sourceTree = "<group>"; };
		928185DC2A28988D006E962E /* MeetingConfirmationView.swift */ = {isa = PBXFileReference; lastKnownFileType = sourcecode.swift; path = MeetingConfirmationView.swift; sourceTree = "<group>"; };
		928185DE2A289976006E962E /* SpeechRecognizer.swift */ = {isa = PBXFileReference; lastKnownFileType = sourcecode.swift; path = SpeechRecognizer.swift; sourceTree = "<group>"; };
		92D031CC2A2B220400F9CDBA /* MeetingView.swift */ = {isa = PBXFileReference; lastKnownFileType = sourcecode.swift; path = MeetingView.swift; sourceTree = "<group>"; };
		92DBD3502A273FC90046D68E /* MeetingHistoryView.swift */ = {isa = PBXFileReference; lastKnownFileType = sourcecode.swift; path = MeetingHistoryView.swift; sourceTree = "<group>"; };
		92DBD3522A273FD70046D68E /* MeetingViewModel.swift */ = {isa = PBXFileReference; lastKnownFileType = sourcecode.swift; path = MeetingViewModel.swift; sourceTree = "<group>"; };
		92DBD3542A2743740046D68E /* MeetingModel.swift */ = {isa = PBXFileReference; lastKnownFileType = sourcecode.swift; path = MeetingModel.swift; sourceTree = "<group>"; };
		92DBD3562A2745800046D68E /* SingleEmployeeView.swift */ = {isa = PBXFileReference; lastKnownFileType = sourcecode.swift; path = SingleEmployeeView.swift; sourceTree = "<group>"; };
		92DBD3582A274AA00046D68E /* MeetingHistoryViewModel.swift */ = {isa = PBXFileReference; lastKnownFileType = sourcecode.swift; path = MeetingHistoryViewModel.swift; sourceTree = "<group>"; };
		92DBD35D2A274B920046D68E /* OpenAIViewModel.swift */ = {isa = PBXFileReference; lastKnownFileType = sourcecode.swift; path = OpenAIViewModel.swift; sourceTree = "<group>"; };
		92DBD3602A2879890046D68E /* DigitalClockView.swift */ = {isa = PBXFileReference; lastKnownFileType = sourcecode.swift; path = DigitalClockView.swift; sourceTree = "<group>"; };
		92DBD3622A2879C60046D68E /* AnalogClockView.swift */ = {isa = PBXFileReference; lastKnownFileType = sourcecode.swift; path = AnalogClockView.swift; sourceTree = "<group>"; };
		92DBD3662A287A240046D68E /* ClockUtils.swift */ = {isa = PBXFileReference; lastKnownFileType = sourcecode.swift; path = ClockUtils.swift; sourceTree = "<group>"; };
		92DBD3682A287EC50046D68E /* SelectEmployeesView.swift */ = {isa = PBXFileReference; lastKnownFileType = sourcecode.swift; path = SelectEmployeesView.swift; sourceTree = "<group>"; };
		92DBD36E2A2884D10046D68E /* SelectionEmployeeModel.swift */ = {isa = PBXFileReference; lastKnownFileType = sourcecode.swift; path = SelectionEmployeeModel.swift; sourceTree = "<group>"; };
		92DBD3712A2894BF0046D68E /* SelectSingleEmployeeView.swift */ = {isa = PBXFileReference; lastKnownFileType = sourcecode.swift; path = SelectSingleEmployeeView.swift; sourceTree = "<group>"; };
/* End PBXFileReference section */

/* Begin PBXFrameworksBuildPhase section */
		927EF4A22A272712002D3EA7 /* Frameworks */ = {
			isa = PBXFrameworksBuildPhase;
			buildActionMask = 2147483647;
			files = (
				92DBD35C2A274B770046D68E /* OpenAISwift in Frameworks */,
			);
			runOnlyForDeploymentPostprocessing = 0;
		};
/* End PBXFrameworksBuildPhase section */

/* Begin PBXGroup section */
		927EF49C2A272712002D3EA7 = {
			isa = PBXGroup;
			children = (
				927EF4A72A272712002D3EA7 /* MeetingOptimiser */,
				927EF4A62A272712002D3EA7 /* Products */,
			);
			sourceTree = "<group>";
		};
		927EF4A62A272712002D3EA7 /* Products */ = {
			isa = PBXGroup;
			children = (
				927EF4A52A272712002D3EA7 /* MeetingOptimiser.app */,
			);
			name = Products;
			sourceTree = "<group>";
		};
		927EF4A72A272712002D3EA7 /* MeetingOptimiser */ = {
			isa = PBXGroup;
			children = (
				925420FE2A2B3CD100801571 /* Info.plist */,
				927EF4B92A2728C2002D3EA7 /* CoreDataManager */,
				927EF4B82A272836002D3EA7 /* View */,
				927EF4B72A27282F002D3EA7 /* ViewModel */,
				927EF4B62A27282A002D3EA7 /* Model */,
				927EF4A82A272712002D3EA7 /* MeetingOptimiserApp.swift */,
				927EF4AA2A272712002D3EA7 /* ContentView.swift */,
				927EF4AC2A272713002D3EA7 /* Assets.xcassets */,
				927EF4AE2A272713002D3EA7 /* Preview Content */,
				925420FD2A2B3C0700801571 /* Config.xcconfig */,
			);
			path = MeetingOptimiser;
			sourceTree = "<group>";
		};
		927EF4AE2A272713002D3EA7 /* Preview Content */ = {
			isa = PBXGroup;
			children = (
				927EF4AF2A272713002D3EA7 /* Preview Assets.xcassets */,
			);
			path = "Preview Content";
			sourceTree = "<group>";
		};
		927EF4B62A27282A002D3EA7 /* Model */ = {
			isa = PBXGroup;
			children = (
				927EF4C32A272AD7002D3EA7 /* EmployeeModel.swift */,
				92DBD3542A2743740046D68E /* MeetingModel.swift */,
				92DBD36E2A2884D10046D68E /* SelectionEmployeeModel.swift */,
				928185DE2A289976006E962E /* SpeechRecognizer.swift */,
			);
			path = Model;
			sourceTree = "<group>";
		};
		927EF4B72A27282F002D3EA7 /* ViewModel */ = {
			isa = PBXGroup;
			children = (
				927EF4BF2A27293B002D3EA7 /* EmployeesViewModel.swift */,
				927EF4C72A272B73002D3EA7 /* EmployeeEntryViewModel.swift */,
				92DBD3522A273FD70046D68E /* MeetingViewModel.swift */,
				92DBD3582A274AA00046D68E /* MeetingHistoryViewModel.swift */,
				92DBD35D2A274B920046D68E /* OpenAIViewModel.swift */,
			);
			path = ViewModel;
			sourceTree = "<group>";
		};
		927EF4B82A272836002D3EA7 /* View */ = {
			isa = PBXGroup;
			children = (
				92DBD3702A2894920046D68E /* SelectingEmployeesToJoinMeeting */,
				92DBD3652A2879FD0046D68E /* Clocks */,
				927EF4C12A272A38002D3EA7 /* AddEmployeeView.swift */,
				927EF4C92A272D3F002D3EA7 /* HomeView.swift */,
				927EF4CB2A272D4E002D3EA7 /* AllEmployeesView.swift */,
				927EF4CD2A272D78002D3EA7 /* SetUpMeetingView.swift */,
				92DBD3502A273FC90046D68E /* MeetingHistoryView.swift */,
				92DBD3562A2745800046D68E /* SingleEmployeeView.swift */,
				928185DC2A28988D006E962E /* MeetingConfirmationView.swift */,
				92D031CC2A2B220400F9CDBA /* MeetingView.swift */,
			);
			path = View;
			sourceTree = "<group>";
		};
		927EF4B92A2728C2002D3EA7 /* CoreDataManager */ = {
			isa = PBXGroup;
			children = (
				927EF4BA2A2728CF002D3EA7 /* CoreDataManager.swift */,
				927EF4BC2A2728F6002D3EA7 /* EmployeesContainer.xcdatamodeld */,
			);
			path = CoreDataManager;
			sourceTree = "<group>";
		};
		92DBD3652A2879FD0046D68E /* Clocks */ = {
			isa = PBXGroup;
			children = (
				92DBD3602A2879890046D68E /* DigitalClockView.swift */,
				92DBD3622A2879C60046D68E /* AnalogClockView.swift */,
				92DBD3662A287A240046D68E /* ClockUtils.swift */,
			);
			path = Clocks;
			sourceTree = "<group>";
		};
		92DBD3702A2894920046D68E /* SelectingEmployeesToJoinMeeting */ = {
			isa = PBXGroup;
			children = (
				92DBD3682A287EC50046D68E /* SelectEmployeesView.swift */,
				92DBD3712A2894BF0046D68E /* SelectSingleEmployeeView.swift */,
			);
			path = SelectingEmployeesToJoinMeeting;
			sourceTree = "<group>";
		};
/* End PBXGroup section */

/* Begin PBXNativeTarget section */
		927EF4A42A272712002D3EA7 /* MeetingOptimiser */ = {
			isa = PBXNativeTarget;
			buildConfigurationList = 927EF4B32A272713002D3EA7 /* Build configuration list for PBXNativeTarget "MeetingOptimiser" */;
			buildPhases = (
				927EF4A12A272712002D3EA7 /* Sources */,
				927EF4A22A272712002D3EA7 /* Frameworks */,
				927EF4A32A272712002D3EA7 /* Resources */,
			);
			buildRules = (
			);
			dependencies = (
			);
			name = MeetingOptimiser;
			packageProductDependencies = (
				92DBD35B2A274B770046D68E /* OpenAISwift */,
			);
			productName = MeetingOptimiser;
			productReference = 927EF4A52A272712002D3EA7 /* MeetingOptimiser.app */;
			productType = "com.apple.product-type.application";
		};
/* End PBXNativeTarget section */

/* Begin PBXProject section */
		927EF49D2A272712002D3EA7 /* Project object */ = {
			isa = PBXProject;
			attributes = {
				BuildIndependentTargetsInParallel = 1;
				LastSwiftUpdateCheck = 1430;
				LastUpgradeCheck = 1430;
				TargetAttributes = {
					927EF4A42A272712002D3EA7 = {
						CreatedOnToolsVersion = 14.3;
					};
				};
			};
			buildConfigurationList = 927EF4A02A272712002D3EA7 /* Build configuration list for PBXProject "MeetingOptimiser" */;
			compatibilityVersion = "Xcode 14.0";
			developmentRegion = en;
			hasScannedForEncodings = 0;
			knownRegions = (
				en,
				Base,
			);
			mainGroup = 927EF49C2A272712002D3EA7;
			packageReferences = (
				92DBD35A2A274B770046D68E /* XCRemoteSwiftPackageReference "OpenAISwift" */,
			);
			productRefGroup = 927EF4A62A272712002D3EA7 /* Products */;
			projectDirPath = "";
			projectRoot = "";
			targets = (
				927EF4A42A272712002D3EA7 /* MeetingOptimiser */,
			);
		};
/* End PBXProject section */

/* Begin PBXResourcesBuildPhase section */
		927EF4A32A272712002D3EA7 /* Resources */ = {
			isa = PBXResourcesBuildPhase;
			buildActionMask = 2147483647;
			files = (
				927EF4B02A272713002D3EA7 /* Preview Assets.xcassets in Resources */,
				927EF4AD2A272713002D3EA7 /* Assets.xcassets in Resources */,
			);
			runOnlyForDeploymentPostprocessing = 0;
		};
/* End PBXResourcesBuildPhase section */

/* Begin PBXSourcesBuildPhase section */
		927EF4A12A272712002D3EA7 /* Sources */ = {
			isa = PBXSourcesBuildPhase;
			buildActionMask = 2147483647;
			files = (
				92DBD3572A2745800046D68E /* SingleEmployeeView.swift in Sources */,
				927EF4CA2A272D3F002D3EA7 /* HomeView.swift in Sources */,
				92DBD3672A287A240046D68E /* ClockUtils.swift in Sources */,
				927EF4C42A272AD7002D3EA7 /* EmployeeModel.swift in Sources */,
				92DBD3692A287EC50046D68E /* SelectEmployeesView.swift in Sources */,
				927EF4BB2A2728CF002D3EA7 /* CoreDataManager.swift in Sources */,
				92DBD3512A273FC90046D68E /* MeetingHistoryView.swift in Sources */,
				92DBD3722A2894BF0046D68E /* SelectSingleEmployeeView.swift in Sources */,
				927EF4CE2A272D78002D3EA7 /* SetUpMeetingView.swift in Sources */,
				92DBD3592A274AA00046D68E /* MeetingHistoryViewModel.swift in Sources */,
				927EF4BE2A2728F6002D3EA7 /* EmployeesContainer.xcdatamodeld in Sources */,
				92DBD35E2A274B920046D68E /* OpenAIViewModel.swift in Sources */,
				928185DD2A28988D006E962E /* MeetingConfirmationView.swift in Sources */,
				927EF4C22A272A38002D3EA7 /* AddEmployeeView.swift in Sources */,
				927EF4AB2A272712002D3EA7 /* ContentView.swift in Sources */,
				927EF4CC2A272D4E002D3EA7 /* AllEmployeesView.swift in Sources */,
				927EF4C82A272B73002D3EA7 /* EmployeeEntryViewModel.swift in Sources */,
				92DBD3632A2879C60046D68E /* AnalogClockView.swift in Sources */,
				92DBD3532A273FD70046D68E /* MeetingViewModel.swift in Sources */,
				927EF4C02A27293B002D3EA7 /* EmployeesViewModel.swift in Sources */,
				927EF4A92A272712002D3EA7 /* MeetingOptimiserApp.swift in Sources */,
				92DBD3552A2743740046D68E /* MeetingModel.swift in Sources */,
				928185DF2A289976006E962E /* SpeechRecognizer.swift in Sources */,
				92DBD36F2A2884D10046D68E /* SelectionEmployeeModel.swift in Sources */,
				92DBD3612A2879890046D68E /* DigitalClockView.swift in Sources */,
				92D031CD2A2B220400F9CDBA /* MeetingView.swift in Sources */,
			);
			runOnlyForDeploymentPostprocessing = 0;
		};
/* End PBXSourcesBuildPhase section */

/* Begin XCBuildConfiguration section */
		927EF4B12A272713002D3EA7 /* Debug */ = {
			isa = XCBuildConfiguration;
			baseConfigurationReference = 925420FD2A2B3C0700801571 /* Config.xcconfig */;
			buildSettings = {
				ALWAYS_SEARCH_USER_PATHS = NO;
				CLANG_ANALYZER_NONNULL = YES;
				CLANG_ANALYZER_NUMBER_OBJECT_CONVERSION = YES_AGGRESSIVE;
				CLANG_CXX_LANGUAGE_STANDARD = "gnu++20";
				CLANG_ENABLE_MODULES = YES;
				CLANG_ENABLE_OBJC_ARC = YES;
				CLANG_ENABLE_OBJC_WEAK = YES;
				CLANG_WARN_BLOCK_CAPTURE_AUTORELEASING = YES;
				CLANG_WARN_BOOL_CONVERSION = YES;
				CLANG_WARN_COMMA = YES;
				CLANG_WARN_CONSTANT_CONVERSION = YES;
				CLANG_WARN_DEPRECATED_OBJC_IMPLEMENTATIONS = YES;
				CLANG_WARN_DIRECT_OBJC_ISA_USAGE = YES_ERROR;
				CLANG_WARN_DOCUMENTATION_COMMENTS = YES;
				CLANG_WARN_EMPTY_BODY = YES;
				CLANG_WARN_ENUM_CONVERSION = YES;
				CLANG_WARN_INFINITE_RECURSION = YES;
				CLANG_WARN_INT_CONVERSION = YES;
				CLANG_WARN_NON_LITERAL_NULL_CONVERSION = YES;
				CLANG_WARN_OBJC_IMPLICIT_RETAIN_SELF = YES;
				CLANG_WARN_OBJC_LITERAL_CONVERSION = YES;
				CLANG_WARN_OBJC_ROOT_CLASS = YES_ERROR;
				CLANG_WARN_QUOTED_INCLUDE_IN_FRAMEWORK_HEADER = YES;
				CLANG_WARN_RANGE_LOOP_ANALYSIS = YES;
				CLANG_WARN_STRICT_PROTOTYPES = YES;
				CLANG_WARN_SUSPICIOUS_MOVE = YES;
				CLANG_WARN_UNGUARDED_AVAILABILITY = YES_AGGRESSIVE;
				CLANG_WARN_UNREACHABLE_CODE = YES;
				CLANG_WARN__DUPLICATE_METHOD_MATCH = YES;
				COPY_PHASE_STRIP = NO;
				DEBUG_INFORMATION_FORMAT = dwarf;
				ENABLE_STRICT_OBJC_MSGSEND = YES;
				ENABLE_TESTABILITY = YES;
				GCC_C_LANGUAGE_STANDARD = gnu11;
				GCC_DYNAMIC_NO_PIC = NO;
				GCC_NO_COMMON_BLOCKS = YES;
				GCC_OPTIMIZATION_LEVEL = 0;
				GCC_PREPROCESSOR_DEFINITIONS = (
					"DEBUG=1",
					"$(inherited)",
				);
				GCC_WARN_64_TO_32_BIT_CONVERSION = YES;
				GCC_WARN_ABOUT_RETURN_TYPE = YES_ERROR;
				GCC_WARN_UNDECLARED_SELECTOR = YES;
				GCC_WARN_UNINITIALIZED_AUTOS = YES_AGGRESSIVE;
				GCC_WARN_UNUSED_FUNCTION = YES;
				GCC_WARN_UNUSED_VARIABLE = YES;
				IPHONEOS_DEPLOYMENT_TARGET = 16.4;
				MTL_ENABLE_DEBUG_INFO = INCLUDE_SOURCE;
				MTL_FAST_MATH = YES;
				ONLY_ACTIVE_ARCH = YES;
				SDKROOT = iphoneos;
				SWIFT_ACTIVE_COMPILATION_CONDITIONS = DEBUG;
				SWIFT_OPTIMIZATION_LEVEL = "-Onone";
			};
			name = Debug;
		};
		927EF4B22A272713002D3EA7 /* Release */ = {
			isa = XCBuildConfiguration;
			baseConfigurationReference = 925420FD2A2B3C0700801571 /* Config.xcconfig */;
			buildSettings = {
				ALWAYS_SEARCH_USER_PATHS = NO;
				CLANG_ANALYZER_NONNULL = YES;
				CLANG_ANALYZER_NUMBER_OBJECT_CONVERSION = YES_AGGRESSIVE;
				CLANG_CXX_LANGUAGE_STANDARD = "gnu++20";
				CLANG_ENABLE_MODULES = YES;
				CLANG_ENABLE_OBJC_ARC = YES;
				CLANG_ENABLE_OBJC_WEAK = YES;
				CLANG_WARN_BLOCK_CAPTURE_AUTORELEASING = YES;
				CLANG_WARN_BOOL_CONVERSION = YES;
				CLANG_WARN_COMMA = YES;
				CLANG_WARN_CONSTANT_CONVERSION = YES;
				CLANG_WARN_DEPRECATED_OBJC_IMPLEMENTATIONS = YES;
				CLANG_WARN_DIRECT_OBJC_ISA_USAGE = YES_ERROR;
				CLANG_WARN_DOCUMENTATION_COMMENTS = YES;
				CLANG_WARN_EMPTY_BODY = YES;
				CLANG_WARN_ENUM_CONVERSION = YES;
				CLANG_WARN_INFINITE_RECURSION = YES;
				CLANG_WARN_INT_CONVERSION = YES;
				CLANG_WARN_NON_LITERAL_NULL_CONVERSION = YES;
				CLANG_WARN_OBJC_IMPLICIT_RETAIN_SELF = YES;
				CLANG_WARN_OBJC_LITERAL_CONVERSION = YES;
				CLANG_WARN_OBJC_ROOT_CLASS = YES_ERROR;
				CLANG_WARN_QUOTED_INCLUDE_IN_FRAMEWORK_HEADER = YES;
				CLANG_WARN_RANGE_LOOP_ANALYSIS = YES;
				CLANG_WARN_STRICT_PROTOTYPES = YES;
				CLANG_WARN_SUSPICIOUS_MOVE = YES;
				CLANG_WARN_UNGUARDED_AVAILABILITY = YES_AGGRESSIVE;
				CLANG_WARN_UNREACHABLE_CODE = YES;
				CLANG_WARN__DUPLICATE_METHOD_MATCH = YES;
				COPY_PHASE_STRIP = NO;
				DEBUG_INFORMATION_FORMAT = "dwarf-with-dsym";
				ENABLE_NS_ASSERTIONS = NO;
				ENABLE_STRICT_OBJC_MSGSEND = YES;
				GCC_C_LANGUAGE_STANDARD = gnu11;
				GCC_NO_COMMON_BLOCKS = YES;
				GCC_WARN_64_TO_32_BIT_CONVERSION = YES;
				GCC_WARN_ABOUT_RETURN_TYPE = YES_ERROR;
				GCC_WARN_UNDECLARED_SELECTOR = YES;
				GCC_WARN_UNINITIALIZED_AUTOS = YES_AGGRESSIVE;
				GCC_WARN_UNUSED_FUNCTION = YES;
				GCC_WARN_UNUSED_VARIABLE = YES;
				IPHONEOS_DEPLOYMENT_TARGET = 16.4;
				MTL_ENABLE_DEBUG_INFO = NO;
				MTL_FAST_MATH = YES;
				SDKROOT = iphoneos;
				SWIFT_COMPILATION_MODE = wholemodule;
				SWIFT_OPTIMIZATION_LEVEL = "-O";
				VALIDATE_PRODUCT = YES;
			};
			name = Release;
		};
		927EF4B42A272713002D3EA7 /* Debug */ = {
			isa = XCBuildConfiguration;
			buildSettings = {
				ASSETCATALOG_COMPILER_APPICON_NAME = AppIcon;
				ASSETCATALOG_COMPILER_GLOBAL_ACCENT_COLOR_NAME = AccentColor;
				CODE_SIGN_STYLE = Automatic;
				CURRENT_PROJECT_VERSION = 1;
				DEVELOPMENT_ASSET_PATHS = "\"MeetingOptimiser/Preview Content\"";
				DEVELOPMENT_TEAM = J3VL867AZW;
				ENABLE_PREVIEWS = YES;
				GENERATE_INFOPLIST_FILE = YES;
				INFOPLIST_FILE = MeetingOptimiser/Info.plist;
				INFOPLIST_KEY_LSApplicationCategoryType = "";
				INFOPLIST_KEY_UIApplicationSceneManifest_Generation = YES;
				INFOPLIST_KEY_UIApplicationSupportsIndirectInputEvents = YES;
				INFOPLIST_KEY_UILaunchScreen_Generation = YES;
				INFOPLIST_KEY_UISupportedInterfaceOrientations_iPad = "UIInterfaceOrientationPortrait UIInterfaceOrientationPortraitUpsideDown UIInterfaceOrientationLandscapeLeft UIInterfaceOrientationLandscapeRight";
				INFOPLIST_KEY_UISupportedInterfaceOrientations_iPhone = "UIInterfaceOrientationPortrait UIInterfaceOrientationLandscapeLeft UIInterfaceOrientationLandscapeRight";
				LD_RUNPATH_SEARCH_PATHS = (
					"$(inherited)",
					"@executable_path/Frameworks",
				);
				MARKETING_VERSION = 1.0;
				PRODUCT_BUNDLE_IDENTIFIER = ahleongzc.MeetingOptimiser;
				PRODUCT_NAME = "$(TARGET_NAME)";
				SWIFT_EMIT_LOC_STRINGS = YES;
				SWIFT_VERSION = 5.0;
				TARGETED_DEVICE_FAMILY = "1,2";
			};
			name = Debug;
		};
		927EF4B52A272713002D3EA7 /* Release */ = {
			isa = XCBuildConfiguration;
			buildSettings = {
				ASSETCATALOG_COMPILER_APPICON_NAME = AppIcon;
				ASSETCATALOG_COMPILER_GLOBAL_ACCENT_COLOR_NAME = AccentColor;
				CODE_SIGN_STYLE = Automatic;
				CURRENT_PROJECT_VERSION = 1;
				DEVELOPMENT_ASSET_PATHS = "\"MeetingOptimiser/Preview Content\"";
				DEVELOPMENT_TEAM = J3VL867AZW;
				ENABLE_PREVIEWS = YES;
				GENERATE_INFOPLIST_FILE = YES;
				INFOPLIST_FILE = MeetingOptimiser/Info.plist;
				INFOPLIST_KEY_LSApplicationCategoryType = "";
				INFOPLIST_KEY_UIApplicationSceneManifest_Generation = YES;
				INFOPLIST_KEY_UIApplicationSupportsIndirectInputEvents = YES;
				INFOPLIST_KEY_UILaunchScreen_Generation = YES;
				INFOPLIST_KEY_UISupportedInterfaceOrientations_iPad = "UIInterfaceOrientationPortrait UIInterfaceOrientationPortraitUpsideDown UIInterfaceOrientationLandscapeLeft UIInterfaceOrientationLandscapeRight";
				INFOPLIST_KEY_UISupportedInterfaceOrientations_iPhone = "UIInterfaceOrientationPortrait UIInterfaceOrientationLandscapeLeft UIInterfaceOrientationLandscapeRight";
				LD_RUNPATH_SEARCH_PATHS = (
					"$(inherited)",
					"@executable_path/Frameworks",
				);
				MARKETING_VERSION = 1.0;
				PRODUCT_BUNDLE_IDENTIFIER = ahleongzc.MeetingOptimiser;
				PRODUCT_NAME = "$(TARGET_NAME)";
				SWIFT_EMIT_LOC_STRINGS = YES;
				SWIFT_VERSION = 5.0;
				TARGETED_DEVICE_FAMILY = "1,2";
			};
			name = Release;
		};
/* End XCBuildConfiguration section */

/* Begin XCConfigurationList section */
		927EF4A02A272712002D3EA7 /* Build configuration list for PBXProject "MeetingOptimiser" */ = {
			isa = XCConfigurationList;
			buildConfigurations = (
				927EF4B12A272713002D3EA7 /* Debug */,
				927EF4B22A272713002D3EA7 /* Release */,
			);
			defaultConfigurationIsVisible = 0;
			defaultConfigurationName = Release;
		};
		927EF4B32A272713002D3EA7 /* Build configuration list for PBXNativeTarget "MeetingOptimiser" */ = {
			isa = XCConfigurationList;
			buildConfigurations = (
				927EF4B42A272713002D3EA7 /* Debug */,
				927EF4B52A272713002D3EA7 /* Release */,
			);
			defaultConfigurationIsVisible = 0;
			defaultConfigurationName = Release;
		};
/* End XCConfigurationList section */

/* Begin XCRemoteSwiftPackageReference section */
		92DBD35A2A274B770046D68E /* XCRemoteSwiftPackageReference "OpenAISwift" */ = {
			isa = XCRemoteSwiftPackageReference;
			repositoryURL = "https://github.com/adamrushy/OpenAISwift";
			requirement = {
				branch = main;
				kind = branch;
			};
		};
/* End XCRemoteSwiftPackageReference section */

/* Begin XCSwiftPackageProductDependency section */
		92DBD35B2A274B770046D68E /* OpenAISwift */ = {
			isa = XCSwiftPackageProductDependency;
			package = 92DBD35A2A274B770046D68E /* XCRemoteSwiftPackageReference "OpenAISwift" */;
			productName = OpenAISwift;
		};
/* End XCSwiftPackageProductDependency section */

/* Begin XCVersionGroup section */
		927EF4BC2A2728F6002D3EA7 /* EmployeesContainer.xcdatamodeld */ = {
			isa = XCVersionGroup;
			children = (
				927EF4BD2A2728F6002D3EA7 /* EmployeesContainer.xcdatamodel */,
			);
			currentVersion = 927EF4BD2A2728F6002D3EA7 /* EmployeesContainer.xcdatamodel */;
			path = EmployeesContainer.xcdatamodeld;
			sourceTree = "<group>";
			versionGroupType = wrapper.xcdatamodel;
		};
/* End XCVersionGroup section */
	};
	rootObject = 927EF49D2A272712002D3EA7 /* Project object */;
}
